
Microsoft Visual Studio Solution File, Format Version 12.00
# Visual Studio Version 17
VisualStudioVersion = 17.6.33815.320
MinimumVisualStudioVersion = 10.0.40219.1
Project("{9A19103F-16F7-4668-BE54-9A1E7A4F7556}") = "ClothingStore.UI", "ClothingStore.UI\ClothingStore.UI.csproj", "{FB28FD35-60AF-4FFD-B365-7165DE95A3E8}"
EndProject
Project("{2150E333-8FDC-42A3-9474-1A3956D46DE8}") = "src", "src", "{528ADB2E-772F-488B-A505-960298A80F13}"
EndProject
Project("{2150E333-8FDC-42A3-9474-1A3956D46DE8}") = "tests", "tests", "{178DB56A-AEE6-4B46-8EF4-3303971E29D8}"
EndProject
Project("{9A19103F-16F7-4668-BE54-9A1E7A4F7556}") = "ClothingStore.Core", "ClothingStore.Core\ClothingStore.Core.csproj", "{122751CC-82A1-4432-A6C0-D9E779A4FCDC}"
EndProject
Project("{9A19103F-16F7-4668-BE54-9A1E7A4F7556}") = "ClothingStore.Infrastructure", "ClothingStore.Infrastructure\ClothingStore.Infrastructure.csproj", "{2C163B0B-58F6-4170-BACE-408F03228A16}"
EndProject
Project("{9A19103F-16F7-4668-BE54-9A1E7A4F7556}") = "ClothingStore.ServiceTests", "ClothingStore.ServiceTests\ClothingStore.ServiceTests.csproj", "{65930639-067F-4CE0-99F0-44EC123ABDE1}"
EndProject
Project("{9A19103F-16F7-4668-BE54-9A1E7A4F7556}") = "ClothesShop.IntegrationTests", "ClothingStore.IntegrationTests\ClothesShop.IntegrationTests.csproj", "{98430AAA-D7CA-43AB-B12B-1A031F59750C}"
EndProject
Global
	GlobalSection(SolutionConfigurationPlatforms) = preSolution
		Debug|Any CPU = Debug|Any CPU
		Release|Any CPU = Release|Any CPU
	EndGlobalSection
	GlobalSection(ProjectConfigurationPlatforms) = postSolution
		{FB28FD35-60AF-4FFD-B365-7165DE95A3E8}.Debug|Any CPU.ActiveCfg = Debug|Any CPU
		{FB28FD35-60AF-4FFD-B365-7165DE95A3E8}.Debug|Any CPU.Build.0 = Debug|Any CPU
		{FB28FD35-60AF-4FFD-B365-7165DE95A3E8}.Release|Any CPU.ActiveCfg = Release|Any CPU
		{FB28FD35-60AF-4FFD-B365-7165DE95A3E8}.Release|Any CPU.Build.0 = Release|Any CPU
		{122751CC-82A1-4432-A6C0-D9E779A4FCDC}.Debug|Any CPU.ActiveCfg = Debug|Any CPU
		{122751CC-82A1-4432-A6C0-D9E779A4FCDC}.Debug|Any CPU.Build.0 = Debug|Any CPU
		{122751CC-82A1-4432-A6C0-D9E779A4FCDC}.Release|Any CPU.ActiveCfg = Release|Any CPU
		{122751CC-82A1-4432-A6C0-D9E779A4FCDC}.Release|Any CPU.Build.0 = Release|Any CPU
		{2C163B0B-58F6-4170-BACE-408F03228A16}.Debug|Any CPU.ActiveCfg = Debug|Any CPU
		{2C163B0B-58F6-4170-BACE-408F03228A16}.Debug|Any CPU.Build.0 = Debug|Any CPU
		{2C163B0B-58F6-4170-BACE-408F03228A16}.Release|Any CPU.ActiveCfg = Release|Any CPU
		{2C163B0B-58F6-4170-BACE-408F03228A16}.Release|Any CPU.Build.0 = Release|Any CPU
		{65930639-067F-4CE0-99F0-44EC123ABDE1}.Debug|Any CPU.ActiveCfg = Debug|Any CPU
		{65930639-067F-4CE0-99F0-44EC123ABDE1}.Debug|Any CPU.Build.0 = Debug|Any CPU
		{65930639-067F-4CE0-99F0-44EC123ABDE1}.Release|Any CPU.ActiveCfg = Release|Any CPU
		{65930639-067F-4CE0-99F0-44EC123ABDE1}.Release|Any CPU.Build.0 = Release|Any CPU
		{98430AAA-D7CA-43AB-B12B-1A031F59750C}.Debug|Any CPU.ActiveCfg = Debug|Any CPU
		{98430AAA-D7CA-43AB-B12B-1A031F59750C}.Debug|Any CPU.Build.0 = Debug|Any CPU
		{98430AAA-D7CA-43AB-B12B-1A031F59750C}.Release|Any CPU.ActiveCfg = Release|Any CPU
		{98430AAA-D7CA-43AB-B12B-1A031F59750C}.Release|Any CPU.Build.0 = Release|Any CPU
	EndGlobalSection
	GlobalSection(SolutionProperties) = preSolution
		HideSolutionNode = FALSE
	EndGlobalSection
	GlobalSection(NestedProjects) = preSolution
		{FB28FD35-60AF-4FFD-B365-7165DE95A3E8} = {528ADB2E-772F-488B-A505-960298A80F13}
		{122751CC-82A1-4432-A6C0-D9E779A4FCDC} = {528ADB2E-772F-488B-A505-960298A80F13}
		{2C163B0B-58F6-4170-BACE-408F03228A16} = {528ADB2E-772F-488B-A505-960298A80F13}
		{65930639-067F-4CE0-99F0-44EC123ABDE1} = {178DB56A-AEE6-4B46-8EF4-3303971E29D8}
		{98430AAA-D7CA-43AB-B12B-1A031F59750C} = {178DB56A-AEE6-4B46-8EF4-3303971E29D8}
	EndGlobalSection
	GlobalSection(ExtensibilityGlobals) = postSolution
		SolutionGuid = {B4160B40-15AF-46AE-A888-43702412190D}
	EndGlobalSection
EndGlobal
